<?xml version="1.0" encoding="utf-8"?>
<Project ToolsVersion="4.0" xmlns="http://schemas.microsoft.com/developer/msbuild/2003">
  <ItemGroup>
    <Filter Include="99. SystemFiles">
      <UniqueIdentifier>{eb57af02-2f4e-4402-bf09-c6053512220c}</UniqueIdentifier>
    </Filter>
    <Filter Include="98. Headers">
      <UniqueIdentifier>{ec978051-a94a-484f-a66a-a5dff4a6c674}</UniqueIdentifier>
    </Filter>
    <Filter Include="00. System">
      <UniqueIdentifier>{83b3a6b4-762a-4891-a05c-d4651923e3a8}</UniqueIdentifier>
    </Filter>
    <Filter Include="01. Utility">
      <UniqueIdentifier>{5603e6ed-0b0e-48b7-b29b-775ddf69d9e4}</UniqueIdentifier>
    </Filter>
    <Filter Include="99. SystemFiles\vcpkg">
      <UniqueIdentifier>{a6209e49-bcb7-4a18-aac6-d1c683fc64ac}</UniqueIdentifier>
    </Filter>
    <Filter Include="00. System\00. GraphicDevice">
      <UniqueIdentifier>{1235952a-10e7-4fb1-96a6-cd1bc759b699}</UniqueIdentifier>
    </Filter>
    <Filter Include="99. SystemFiles\Batch">
      <UniqueIdentifier>{c06ff8fd-3935-4bf2-93c3-c20fd66e3998}</UniqueIdentifier>
    </Filter>
    <Filter Include="01. Utility\00. Object">
      <UniqueIdentifier>{af761cfa-8640-466a-8a34-8ee9f8f893a1}</UniqueIdentifier>
    </Filter>
    <Filter Include="97. Helper">
      <UniqueIdentifier>{c19be1df-1454-491e-983d-b1bd53ece7c0}</UniqueIdentifier>
    </Filter>
    <Filter Include="01. Utility\01. GameInstance">
      <UniqueIdentifier>{a7562e49-b87d-42d6-b11a-730b821a6967}</UniqueIdentifier>
    </Filter>
    <Filter Include="00. System\01. Time">
      <UniqueIdentifier>{92ad1ba2-95ee-4d30-adc5-b5feefaa6770}</UniqueIdentifier>
    </Filter>
    <Filter Include="00. System\01. Time\Manager">
      <UniqueIdentifier>{3252de9b-08e1-449e-8096-3739230daadd}</UniqueIdentifier>
    </Filter>
    <Filter Include="01. Utility\02. Level">
      <UniqueIdentifier>{013c97a6-bebd-47a6-9a51-6502f429ed20}</UniqueIdentifier>
    </Filter>
    <Filter Include="01. Utility\03. Prototype">
      <UniqueIdentifier>{432592cd-a9b9-4c33-bc1a-989aeb13dfe5}</UniqueIdentifier>
    </Filter>
    <Filter Include="01. Utility\02. Level\Manager">
      <UniqueIdentifier>{a8542144-596f-4bf5-92bd-66d5a9b3d109}</UniqueIdentifier>
    </Filter>
    <Filter Include="01. Utility\04. GameObject">
      <UniqueIdentifier>{5007e339-8417-4af0-8b40-51b30095982e}</UniqueIdentifier>
    </Filter>
    <Filter Include="01. Utility\05. Component">
      <UniqueIdentifier>{654d0826-3c73-4a92-bb3b-e992abc3342d}</UniqueIdentifier>
    </Filter>
  </ItemGroup>
  <ItemGroup>
    <None Include="..\external\vcpkg.json">
      <Filter>99. SystemFiles\vcpkg</Filter>
    </None>
    <None Include="ExportBuildArtifacts.bat">
      <Filter>99. SystemFiles\Batch</Filter>
    </None>
  </ItemGroup>
  <ItemGroup>
    <ClInclude Include="..\public\GraphicDevice.h">
      <Filter>00. System\00. GraphicDevice</Filter>
    </ClInclude>
    <ClInclude Include="..\public\Engine_Define.h">
      <Filter>98. Headers</Filter>
    </ClInclude>
    <ClInclude Include="..\public\Engine_Enum.h">
      <Filter>98. Headers</Filter>
    </ClInclude>
    <ClInclude Include="..\public\Engine_Function.h">
      <Filter>98. Headers</Filter>
    </ClInclude>
    <ClInclude Include="..\public\Engine_Macro.h">
      <Filter>98. Headers</Filter>
    </ClInclude>
    <ClInclude Include="..\public\Engine_Struct.h">
      <Filter>98. Headers</Filter>
    </ClInclude>
    <ClInclude Include="..\public\Engine_Typedef.h">
      <Filter>98. Headers</Filter>
    </ClInclude>
    <ClInclude Include="..\public\Object.h">
      <Filter>01. Utility\00. Object</Filter>
    </ClInclude>
    <ClInclude Include="..\public\ID_Helper.h">
      <Filter>97. Helper</Filter>
    </ClInclude>
    <ClInclude Include="..\public\Game.h">
      <Filter>01. Utility\01. GameInstance</Filter>
    </ClInclude>
    <ClInclude Include="..\public\TimeManager.h">
      <Filter>00. System\01. Time\Manager</Filter>
    </ClInclude>
    <ClInclude Include="..\public\Timer.h">
      <Filter>00. System\01. Time</Filter>
    </ClInclude>
  </ItemGroup>
  <ItemGroup>
    <ClCompile Include="..\private\GraphicDevice.cpp">
      <Filter>00. System\00. GraphicDevice</Filter>
    </ClCompile>
    <ClCompile Include="..\private\Object.cpp">
      <Filter>01. Utility\00. Object</Filter>
    </ClCompile>
    <ClCompile Include="..\private\Game.cpp">
      <Filter>01. Utility\01. GameInstance</Filter>
    </ClCompile>
    <ClCompile Include="..\private\TimeManager.cpp">
      <Filter>00. System\01. Time\Manager</Filter>
    </ClCompile>
    <ClCompile Include="..\private\Timer.cpp">
      <Filter>00. System\01. Time</Filter>
    </ClCompile>
  </ItemGroup>
</Project>