<?xml version="1.0" encoding="utf-8"?>
<Project ToolsVersion="4.0" xmlns="http://schemas.microsoft.com/developer/msbuild/2003">
  <ItemGroup>
    <ClInclude Include="pch.h">
      <Filter>99. Default</Filter>
    </ClInclude>
    <ClInclude Include="..\public\ClientApp.h">
      <Filter>00. MainApp</Filter>
    </ClInclude>
    <ClInclude Include="..\public\ClientSettingManager.h">
      <Filter>00. MainApp</Filter>
    </ClInclude>
    <ClInclude Include="..\public\Client_Define.h">
      <Filter>98. Headers</Filter>
    </ClInclude>
    <ClInclude Include="..\public\LevelLoading.h">
      <Filter>01. Level\Loading</Filter>
    </ClInclude>
    <ClInclude Include="..\public\Loader.h">
      <Filter>01. Level\Loader</Filter>
    </ClInclude>
    <ClInclude Include="..\public\Client_Function.h">
      <Filter>98. Headers</Filter>
    </ClInclude>
    <ClInclude Include="..\public\LoadingBackground.h">
      <Filter>02. GameObject\UI\LoadingUI</Filter>
    </ClInclude>
    <ClInclude Include="..\public\LoadingLogo.h">
      <Filter>02. GameObject\UI\LoadingUI</Filter>
    </ClInclude>
    <ClInclude Include="..\public\Terrain.h">
      <Filter>02. GameObject\Terrain</Filter>
    </ClInclude>
    <ClInclude Include="..\public\FreeCamera.h">
      <Filter>02. GameObject\Camera</Filter>
    </ClInclude>
    <ClInclude Include="..\public\Monster.h">
      <Filter>02. GameObject\Entity\Monster</Filter>
    </ClInclude>
    <ClInclude Include="..\public\ThirdPersonCamera.h">
      <Filter>02. GameObject\Camera</Filter>
    </ClInclude>
    <ClInclude Include="..\public\LoadingPixelPanel.h">
      <Filter>02. GameObject\UI\LoadingUI</Filter>
    </ClInclude>
    <ClInclude Include="..\public\StateMachine.h">
      <Filter>03. Component\StateMachine</Filter>
    </ClInclude>
    <ClInclude Include="..\public\State.h">
      <Filter>03. Component\StateMachine\State</Filter>
    </ClInclude>
    <ClInclude Include="..\public\State2B_AttackGround.h">
      <Filter>02. GameObject\Entity\2B\2BStates</Filter>
    </ClInclude>
    <ClInclude Include="..\public\State2B_Idle.h">
      <Filter>02. GameObject\Entity\2B\2BStates</Filter>
    </ClInclude>
    <ClInclude Include="..\public\State2B_Jump.h">
      <Filter>02. GameObject\Entity\2B\2BStates</Filter>
    </ClInclude>
    <ClInclude Include="..\public\State2B_Walk.h">
      <Filter>02. GameObject\Entity\2B\2BStates</Filter>
    </ClInclude>
    <ClInclude Include="..\public\CityOfRuins.h">
      <Filter>02. GameObject\Terrain</Filter>
    </ClInclude>
    <ClInclude Include="..\public\Pl0000.h">
      <Filter>02. GameObject\Entity\2B</Filter>
    </ClInclude>
    <ClInclude Include="..\public\State2B_Run.h">
      <Filter>02. GameObject\Entity\2B\2BStates</Filter>
    </ClInclude>
    <ClInclude Include="..\public\State2B_Sprint.h">
      <Filter>02. GameObject\Entity\2B\2BStates</Filter>
    </ClInclude>
    <ClInclude Include="..\public\LevelTitle.h">
      <Filter>01. Level\Title</Filter>
    </ClInclude>
    <ClInclude Include="..\public\TitleBackground.h">
      <Filter>02. GameObject\UI\Title</Filter>
    </ClInclude>
    <ClInclude Include="..\public\LevelGamePlay.h">
      <Filter>01. Level\GamePlay</Filter>
    </ClInclude>
    <ClInclude Include="..\public\StaticCamera.h">
      <Filter>02. GameObject\Camera</Filter>
    </ClInclude>
    <ClInclude Include="..\public\Pl0000Body.h">
      <Filter>02. GameObject\Entity\2B\2BPartObject\P10000</Filter>
    </ClInclude>
    <ClInclude Include="..\public\WP0070Body.h">
      <Filter>02. GameObject\Entity\2B\2BPartObject\WP0070</Filter>
    </ClInclude>
    <ClInclude Include="..\public\WP0220Body.h">
      <Filter>02. GameObject\Entity\2B\2BPartObject\WP0220</Filter>
    </ClInclude>
    <ClInclude Include="..\public\SkyBox.h">
      <Filter>02. GameObject\Sky</Filter>
    </ClInclude>
    <ClInclude Include="..\public\SkySphere.h">
      <Filter>02. GameObject\Sky</Filter>
    </ClInclude>
    <ClInclude Include="..\public\LoadingFadeIn.h">
      <Filter>02. GameObject\UI\LoadingUI</Filter>
    </ClInclude>
    <ClInclude Include="..\public\LoadingFadeOut.h">
      <Filter>02. GameObject\UI\LoadingUI</Filter>
    </ClInclude>
    <ClInclude Include="..\public\Pl0000Input.h">
      <Filter>02. GameObject\Entity\2B\Pl0000Input</Filter>
    </ClInclude>
    <ClInclude Include="..\public\State2B.h">
      <Filter>02. GameObject\Entity\2B\2BStates\StateMachine</Filter>
    </ClInclude>
    <ClInclude Include="..\public\Pl0000StateMachine.h">
      <Filter>02. GameObject\Entity\2B\2BStates\StateMachine</Filter>
    </ClInclude>
    <ClInclude Include="..\public\Pl0000Parts.h">
      <Filter>02. GameObject\Entity\2B\2BPartObject</Filter>
    </ClInclude>
    <ClInclude Include="..\public\State2B_Dash.h">
      <Filter>02. GameObject\Entity\2B\2BStates</Filter>
    </ClInclude>
    <ClInclude Include="..\public\Movement.h">
      <Filter>02. GameObject\Entity\Movement</Filter>
    </ClInclude>
    <ClInclude Include="..\public\Pl0000Movement.h">
      <Filter>02. GameObject\Entity\2B\Pl0000Movement</Filter>
    </ClInclude>
    <ClInclude Include="..\public\State2B_AttackAir.h">
      <Filter>02. GameObject\Entity\2B\2BStates</Filter>
    </ClInclude>
    <ClInclude Include="..\public\WP3000Body.h">
      <Filter>02. GameObject\Entity\2B\2BPartObject\WP3000</Filter>
    </ClInclude>
    <ClInclude Include="..\public\Em3100.h">
      <Filter>02. GameObject\Entity\Monster\EM3100</Filter>
    </ClInclude>
    <ClInclude Include="..\public\MonsterStateMachine.h">
      <Filter>02. GameObject\Entity\Monster\MonsterStateMachine</Filter>
    </ClInclude>
    <ClInclude Include="..\public\Entity.h">
      <Filter>02. GameObject\Entity</Filter>
    </ClInclude>
    <ClInclude Include="..\public\StateMonster.h">
      <Filter>02. GameObject\Entity\Monster\MonsterStateMachine\MonsterState</Filter>
    </ClInclude>
    <ClInclude Include="resource.h">
      <Filter>99. Default</Filter>
    </ClInclude>
    <ClInclude Include="..\public\Em3100Body.h">
      <Filter>02. GameObject\Entity\Monster\EM3100\EM3100Parts</Filter>
    </ClInclude>
    <ClInclude Include="..\public\SparkEffect.h">
      <Filter>02. GameObject\Effect</Filter>
    </ClInclude>
    <ClInclude Include="..\public\ParticleEffect.h">
      <Filter>02. GameObject\Effect</Filter>
    </ClInclude>
    <ClInclude Include="..\public\Projectile.h">
      <Filter>02. GameObject\Bullet</Filter>
    </ClInclude>
    <ClInclude Include="..\public\Bullet.h">
      <Filter>02. GameObject\Bullet</Filter>
    </ClInclude>
    <ClInclude Include="..\public\HpBarWorldUI.h">
      <Filter>02. GameObject\UI\WorldUI</Filter>
    </ClInclude>
    <ClInclude Include="..\public\Em0010.h">
      <Filter>02. GameObject\Entity\Monster\EM0010</Filter>
    </ClInclude>
    <ClInclude Include="..\public\Em0010Movement.h">
      <Filter>02. GameObject\Entity\Monster\EM0010\Em0010Movement</Filter>
    </ClInclude>
    <ClInclude Include="..\public\StateEm0010.h">
      <Filter>02. GameObject\Entity\Monster\EM0010\Em0010States</Filter>
    </ClInclude>
    <ClInclude Include="..\public\StateEm0010_Idle.h">
      <Filter>02. GameObject\Entity\Monster\EM0010\Em0010States</Filter>
    </ClInclude>
    <ClInclude Include="..\public\StateEm0010_Hit.h">
      <Filter>02. GameObject\Entity\Monster\EM0010\Em0010States</Filter>
    </ClInclude>
    <ClInclude Include="..\public\Em0010Body.h">
      <Filter>02. GameObject\Entity\Monster\EM0010\Em0010Parts\Body</Filter>
    </ClInclude>
    <ClInclude Include="..\public\MonsterSight.h">
      <Filter>02. GameObject\Entity\Monster\ForMonster</Filter>
    </ClInclude>
    <ClInclude Include="..\public\MonsterAOE.h">
      <Filter>02. GameObject\Entity\Monster\ForMonster</Filter>
    </ClInclude>
    <ClInclude Include="..\public\Pl0000Shockwave.h">
      <Filter>02. GameObject\Entity\2B</Filter>
    </ClInclude>
    <ClInclude Include="..\public\StateEm0010_Dead.h">
      <Filter>02. GameObject\Entity\Monster\EM0010\Em0010States</Filter>
    </ClInclude>
    <ClInclude Include="StateEm0010_Attack.h">
      <Filter>02. GameObject\Entity\Monster\EM0010\Em0010States</Filter>
    </ClInclude>
    <ClInclude Include="..\public\StateEm0010_Chase.h">
      <Filter>02. GameObject\Entity\Monster\EM0010\Em0010States</Filter>
    </ClInclude>
  </ItemGroup>
  <ItemGroup>
    <ClCompile Include="..\private\ClientApp.cpp">
      <Filter>00. MainApp</Filter>
    </ClCompile>
    <ClCompile Include="..\private\ClientSettingManager.cpp">
      <Filter>00. MainApp</Filter>
    </ClCompile>
    <ClCompile Include="..\private\LevelLoading.cpp">
      <Filter>01. Level\Loading</Filter>
    </ClCompile>
    <ClCompile Include="..\private\Loader.cpp">
      <Filter>01. Level\Loader</Filter>
    </ClCompile>
    <ClCompile Include="..\private\LoadingBackground.cpp">
      <Filter>02. GameObject\UI\LoadingUI</Filter>
    </ClCompile>
    <ClCompile Include="..\private\LoadingLogo.cpp">
      <Filter>02. GameObject\UI\LoadingUI</Filter>
    </ClCompile>
    <ClCompile Include="pch.cpp">
      <Filter>99. Default</Filter>
    </ClCompile>
    <ClCompile Include="..\private\Terrain.cpp">
      <Filter>02. GameObject\Terrain</Filter>
    </ClCompile>
    <ClCompile Include="..\private\Client_RTTR.cpp">
      <Filter>00. MainApp</Filter>
    </ClCompile>
    <ClCompile Include="..\private\FreeCamera.cpp">
      <Filter>02. GameObject\Camera</Filter>
    </ClCompile>
    <ClCompile Include="..\private\Monster.cpp">
      <Filter>02. GameObject\Entity\Monster</Filter>
    </ClCompile>
    <ClCompile Include="..\private\ThirdPersonCamera.cpp">
      <Filter>02. GameObject\Camera</Filter>
    </ClCompile>
    <ClCompile Include="..\private\LoadingPixelPanel.cpp">
      <Filter>02. GameObject\UI\LoadingUI</Filter>
    </ClCompile>
    <ClCompile Include="..\private\StateMachine.cpp">
      <Filter>03. Component\StateMachine</Filter>
    </ClCompile>
    <ClCompile Include="..\private\State.cpp">
      <Filter>03. Component\StateMachine\State</Filter>
    </ClCompile>
    <ClCompile Include="..\private\State2B_AttackGround.cpp">
      <Filter>02. GameObject\Entity\2B\2BStates</Filter>
    </ClCompile>
    <ClCompile Include="..\private\State2B_Idle.cpp">
      <Filter>02. GameObject\Entity\2B\2BStates</Filter>
    </ClCompile>
    <ClCompile Include="..\private\State2B_Jump.cpp">
      <Filter>02. GameObject\Entity\2B\2BStates</Filter>
    </ClCompile>
    <ClCompile Include="..\private\State2B_Walk.cpp">
      <Filter>02. GameObject\Entity\2B\2BStates</Filter>
    </ClCompile>
    <ClCompile Include="..\private\CityOfRuins.cpp">
      <Filter>02. GameObject\Terrain</Filter>
    </ClCompile>
    <ClCompile Include="..\private\Pl0000.cpp">
      <Filter>02. GameObject\Entity\2B</Filter>
    </ClCompile>
    <ClCompile Include="..\private\State2B_Run.cpp">
      <Filter>02. GameObject\Entity\2B\2BStates</Filter>
    </ClCompile>
    <ClCompile Include="..\private\State2B_Sprint.cpp">
      <Filter>02. GameObject\Entity\2B\2BStates</Filter>
    </ClCompile>
    <ClCompile Include="..\private\LevelTitle.cpp">
      <Filter>01. Level\Title</Filter>
    </ClCompile>
    <ClCompile Include="..\private\TitleBackground.cpp">
      <Filter>02. GameObject\UI\Title</Filter>
    </ClCompile>
    <ClCompile Include="..\private\LevelGamePlay.cpp">
      <Filter>01. Level\GamePlay</Filter>
    </ClCompile>
    <ClCompile Include="..\private\StaticCamera.cpp">
      <Filter>02. GameObject\Camera</Filter>
    </ClCompile>
    <ClCompile Include="..\private\Pl0000Body.cpp">
      <Filter>02. GameObject\Entity\2B\2BPartObject\P10000</Filter>
    </ClCompile>
    <ClCompile Include="..\private\WP0070Body.cpp">
      <Filter>02. GameObject\Entity\2B\2BPartObject\WP0070</Filter>
    </ClCompile>
    <ClCompile Include="..\private\WP0220Body.cpp">
      <Filter>02. GameObject\Entity\2B\2BPartObject\WP0220</Filter>
    </ClCompile>
    <ClCompile Include="..\private\SkyBox.cpp">
      <Filter>02. GameObject\Sky</Filter>
    </ClCompile>
    <ClCompile Include="..\private\SkySphere.cpp">
      <Filter>02. GameObject\Sky</Filter>
    </ClCompile>
    <ClCompile Include="..\private\LoadingFadeIn.cpp">
      <Filter>02. GameObject\UI\LoadingUI</Filter>
    </ClCompile>
    <ClCompile Include="..\private\LoadingFadeOut.cpp">
      <Filter>02. GameObject\UI\LoadingUI</Filter>
    </ClCompile>
    <ClCompile Include="..\private\Pl0000Input.cpp">
      <Filter>02. GameObject\Entity\2B\Pl0000Input</Filter>
    </ClCompile>
    <ClCompile Include="..\private\State2B.cpp">
      <Filter>02. GameObject\Entity\2B\2BStates\StateMachine</Filter>
    </ClCompile>
    <ClCompile Include="..\private\P10000StateMachine.cpp">
      <Filter>02. GameObject\Entity\2B\2BStates\StateMachine</Filter>
    </ClCompile>
    <ClCompile Include="..\private\Pl0000Parts.cpp">
      <Filter>02. GameObject\Entity\2B\2BPartObject</Filter>
    </ClCompile>
    <ClCompile Include="..\private\State2B_Dash.cpp">
      <Filter>02. GameObject\Entity\2B\2BStates</Filter>
    </ClCompile>
    <ClCompile Include="..\private\Movement.cpp">
      <Filter>02. GameObject\Entity\Movement</Filter>
    </ClCompile>
    <ClCompile Include="..\private\Pl0000Movement.cpp">
      <Filter>02. GameObject\Entity\2B\Pl0000Movement</Filter>
    </ClCompile>
    <ClCompile Include="..\private\State2B_AttackAir.cpp">
      <Filter>02. GameObject\Entity\2B\2BStates</Filter>
    </ClCompile>
    <ClCompile Include="..\private\WP3000Body.cpp">
      <Filter>02. GameObject\Entity\2B\2BPartObject\WP3000</Filter>
    </ClCompile>
    <ClCompile Include="..\private\MonsterStateMachine.cpp">
      <Filter>02. GameObject\Entity\Monster\MonsterStateMachine</Filter>
    </ClCompile>
    <ClCompile Include="..\private\Entity.cpp">
      <Filter>02. GameObject\Entity</Filter>
    </ClCompile>
    <ClCompile Include="..\private\StateMonster.cpp">
      <Filter>02. GameObject\Entity\Monster\MonsterStateMachine\MonsterState</Filter>
    </ClCompile>
    <ClCompile Include="..\private\Em3100.cpp">
      <Filter>02. GameObject\Entity\Monster\EM3100</Filter>
    </ClCompile>
    <ClCompile Include="..\private\Em3100Body.cpp">
      <Filter>02. GameObject\Entity\Monster\EM3100\EM3100Parts</Filter>
    </ClCompile>
    <ClCompile Include="..\private\SparkEffect.cpp">
      <Filter>02. GameObject\Effect</Filter>
    </ClCompile>
    <ClCompile Include="..\private\ParticleEffect.cpp">
      <Filter>02. GameObject\Effect</Filter>
    </ClCompile>
    <ClCompile Include="..\private\Projectile.cpp">
      <Filter>02. GameObject\Bullet</Filter>
    </ClCompile>
    <ClCompile Include="..\private\Bullet.cpp">
      <Filter>02. GameObject\Bullet</Filter>
    </ClCompile>
    <ClCompile Include="..\private\HpBarWorldUI.cpp">
      <Filter>02. GameObject\UI\WorldUI</Filter>
    </ClCompile>
    <ClCompile Include="..\private\Em0010.cpp">
      <Filter>02. GameObject\Entity\Monster\EM0010</Filter>
    </ClCompile>
    <ClCompile Include="..\private\Em0010Movement.cpp">
      <Filter>02. GameObject\Entity\Monster\EM0010\Em0010Movement</Filter>
    </ClCompile>
    <ClCompile Include="..\private\StateEm0010.cpp">
      <Filter>02. GameObject\Entity\Monster\EM0010\Em0010States</Filter>
    </ClCompile>
    <ClCompile Include="..\private\StateEm0010_Idle.cpp">
      <Filter>02. GameObject\Entity\Monster\EM0010\Em0010States</Filter>
    </ClCompile>
    <ClCompile Include="..\private\StateEm0010_Hit.cpp">
      <Filter>02. GameObject\Entity\Monster\EM0010\Em0010States</Filter>
    </ClCompile>
    <ClCompile Include="..\private\Em0010Body.cpp">
      <Filter>02. GameObject\Entity\Monster\EM0010\Em0010Parts\Body</Filter>
    </ClCompile>
    <ClCompile Include="..\private\MonsterSight.cpp">
      <Filter>02. GameObject\Entity\Monster\ForMonster</Filter>
    </ClCompile>
    <ClCompile Include="..\private\MonsterAOE.cpp">
      <Filter>02. GameObject\Entity\Monster\ForMonster</Filter>
    </ClCompile>
    <ClCompile Include="..\private\Pl0000Shockwave.cpp">
      <Filter>02. GameObject\Entity\2B</Filter>
    </ClCompile>
    <ClCompile Include="..\private\StateEm0010_Dead.cpp">
      <Filter>02. GameObject\Entity\Monster\EM0010\Em0010States</Filter>
    </ClCompile>
    <ClCompile Include="StateEm0010_Attack.cpp">
      <Filter>02. GameObject\Entity\Monster\EM0010\Em0010States</Filter>
    </ClCompile>
    <ClCompile Include="..\private\StateEm0010_Chase.cpp">
      <Filter>02. GameObject\Entity\Monster\EM0010\Em0010States</Filter>
    </ClCompile>
  </ItemGroup>
  <ItemGroup>
    <Filter Include="00. MainApp">
      <UniqueIdentifier>{f01147ca-57a3-4889-b167-1759cfd39a21}</UniqueIdentifier>
    </Filter>
    <Filter Include="98. Headers">
      <UniqueIdentifier>{e9c11d15-75c2-4be7-9e61-ae543485c521}</UniqueIdentifier>
    </Filter>
    <Filter Include="01. Level">
      <UniqueIdentifier>{38bf182f-550e-4086-a73e-841c9607d4b6}</UniqueIdentifier>
    </Filter>
    <Filter Include="01. Level\Loading">
      <UniqueIdentifier>{7a33b79a-7ac6-4cf8-9720-7373ff68f935}</UniqueIdentifier>
    </Filter>
    <Filter Include="02. GameObject">
      <UniqueIdentifier>{a4ca53d2-1ab1-4372-ad1b-faaaadec0d0b}</UniqueIdentifier>
    </Filter>
    <Filter Include="02. GameObject\UI">
      <UniqueIdentifier>{50aa4288-41b6-4aa9-a91e-9ceed7f591f7}</UniqueIdentifier>
    </Filter>
    <Filter Include="02. GameObject\UI\LoadingUI">
      <UniqueIdentifier>{6bfbce2f-aaca-4c17-8e1a-06f526d5a91e}</UniqueIdentifier>
    </Filter>
    <Filter Include="97. Shader">
      <UniqueIdentifier>{f8f6556e-0ec0-47f4-9b97-3f4d9a6fe77f}</UniqueIdentifier>
    </Filter>
    <Filter Include="02. GameObject\Terrain">
      <UniqueIdentifier>{9d488e4b-716c-4500-a17f-75dd1911dc79}</UniqueIdentifier>
    </Filter>
    <Filter Include="02. GameObject\Camera">
      <UniqueIdentifier>{3dd8255e-639e-40e9-a996-130834996b2d}</UniqueIdentifier>
    </Filter>
    <Filter Include="01. Level\Title">
      <UniqueIdentifier>{9e52baab-71d4-40bb-a8f9-4fe9b21ee4b2}</UniqueIdentifier>
    </Filter>
    <Filter Include="01. Level\Loader">
      <UniqueIdentifier>{03fcc313-3304-4541-a9eb-eee23cc2756e}</UniqueIdentifier>
    </Filter>
    <Filter Include="01. Level\GamePlay">
      <UniqueIdentifier>{3fcd9f22-30f5-4ba0-9d2f-9128aedf3dfa}</UniqueIdentifier>
    </Filter>
    <Filter Include="02. GameObject\UI\Title">
      <UniqueIdentifier>{896614d3-b3cd-47f2-81e6-34cf1ffd3744}</UniqueIdentifier>
    </Filter>
    <Filter Include="02. GameObject\Sky">
      <UniqueIdentifier>{d5aa316f-6060-4485-b596-72e8cffe7af4}</UniqueIdentifier>
    </Filter>
    <Filter Include="02. GameObject\Bullet">
      <UniqueIdentifier>{d890cac3-f6d2-454b-ba09-6ac4ea6444cb}</UniqueIdentifier>
    </Filter>
    <Filter Include="03. Component">
      <UniqueIdentifier>{604fe522-76b2-4359-8fac-6c3c7ab7a489}</UniqueIdentifier>
    </Filter>
    <Filter Include="03. Component\StateMachine">
      <UniqueIdentifier>{5f1f5503-d429-4a82-8c0c-f8f1e1a51f48}</UniqueIdentifier>
    </Filter>
    <Filter Include="03. Component\StateMachine\State">
      <UniqueIdentifier>{59f48ab0-7800-40e8-b8b4-27d209ca254b}</UniqueIdentifier>
    </Filter>
    <Filter Include="02. GameObject\Entity">
      <UniqueIdentifier>{fb7ab57d-06ad-47cd-aa75-fc9259684988}</UniqueIdentifier>
    </Filter>
    <Filter Include="02. GameObject\Entity\2B">
      <UniqueIdentifier>{81f89b32-9daf-4665-8d11-2b6081a9a216}</UniqueIdentifier>
    </Filter>
    <Filter Include="02. GameObject\Entity\2B\2BPartObject">
      <UniqueIdentifier>{860aeb7a-a17a-405c-af57-46faf234f476}</UniqueIdentifier>
    </Filter>
    <Filter Include="02. GameObject\Entity\2B\2BPartObject\P10000">
      <UniqueIdentifier>{7099d284-19b5-4ec7-85c0-7a5e1e9b45b0}</UniqueIdentifier>
    </Filter>
    <Filter Include="02. GameObject\Entity\2B\2BPartObject\WP0070">
      <UniqueIdentifier>{76bad4f2-11f8-4f5d-9074-da2549d47d54}</UniqueIdentifier>
    </Filter>
    <Filter Include="02. GameObject\Entity\2B\2BPartObject\WP0220">
      <UniqueIdentifier>{7aad67ae-f8c0-4d54-a65f-91fd0e40244b}</UniqueIdentifier>
    </Filter>
    <Filter Include="02. GameObject\Entity\2B\2BPartObject\WP3000">
      <UniqueIdentifier>{48ecdbfd-c679-4189-8f0a-932df497e15f}</UniqueIdentifier>
    </Filter>
    <Filter Include="02. GameObject\Entity\2B\2BStates">
      <UniqueIdentifier>{58e488f6-9331-4015-979d-3a180ad82f16}</UniqueIdentifier>
    </Filter>
    <Filter Include="02. GameObject\Entity\2B\2BStates\StateMachine">
      <UniqueIdentifier>{f0281ab7-68cb-4a1f-9c19-3e73441f06a4}</UniqueIdentifier>
    </Filter>
    <Filter Include="02. GameObject\Entity\2B\Pl0000Movement">
      <UniqueIdentifier>{6965ea7b-9207-4220-9136-4c413257a6ee}</UniqueIdentifier>
    </Filter>
    <Filter Include="02. GameObject\Entity\2B\Pl0000Input">
      <UniqueIdentifier>{fb02974d-67e2-4b5e-8473-98ef3d9e7f38}</UniqueIdentifier>
    </Filter>
    <Filter Include="02. GameObject\Entity\Movement">
      <UniqueIdentifier>{4e89dda7-8faf-408f-9b0d-de9a56d88d49}</UniqueIdentifier>
    </Filter>
    <Filter Include="02. GameObject\Entity\Monster">
      <UniqueIdentifier>{c932032b-94df-43d7-9e98-c5d255458cae}</UniqueIdentifier>
    </Filter>
    <Filter Include="02. GameObject\Entity\Monster\em3000">
      <UniqueIdentifier>{5ec70d50-6408-4c69-9e76-c0a13d4af7c9}</UniqueIdentifier>
    </Filter>
    <Filter Include="02. GameObject\Entity\Monster\MonsterStateMachine">
      <UniqueIdentifier>{0619a228-a997-4f4b-8dc0-2785409c7c66}</UniqueIdentifier>
    </Filter>
    <Filter Include="02. GameObject\Entity\Monster\MonsterStateMachine\MonsterState">
      <UniqueIdentifier>{dca5558f-5971-46b7-9026-fbf18f2d7a20}</UniqueIdentifier>
    </Filter>
    <Filter Include="02. GameObject\Entity\Monster\EM3100">
      <UniqueIdentifier>{c3c42c52-488d-4b83-a482-e04b0167a700}</UniqueIdentifier>
    </Filter>
    <Filter Include="02. GameObject\Entity\Monster\EM3100\EM3100Parts">
      <UniqueIdentifier>{b7bc5419-8226-46d1-974d-20b77a8c2845}</UniqueIdentifier>
    </Filter>
    <Filter Include="02. GameObject\Effect">
      <UniqueIdentifier>{ae9e970c-e8b9-461e-b50d-496bf13fc6f1}</UniqueIdentifier>
    </Filter>
    <Filter Include="02. GameObject\UI\WorldUI">
      <UniqueIdentifier>{79aebeed-9972-4538-9cda-a4f5d0877b5e}</UniqueIdentifier>
    </Filter>
    <Filter Include="02. GameObject\Entity\Monster\EM0010">
      <UniqueIdentifier>{6d08f494-7467-4200-9067-8db59e81a64e}</UniqueIdentifier>
    </Filter>
    <Filter Include="02. GameObject\Entity\Monster\EM0010\Em0010Parts">
      <UniqueIdentifier>{bc6c1f76-eb6c-4361-8f2b-ad000b10ad70}</UniqueIdentifier>
    </Filter>
    <Filter Include="02. GameObject\Entity\Monster\EM0010\Em0010Movement">
      <UniqueIdentifier>{d9b86e2f-2c54-410b-a9c5-2265e32bd7e8}</UniqueIdentifier>
    </Filter>
    <Filter Include="02. GameObject\Entity\Monster\EM0010\Em0010States">
      <UniqueIdentifier>{15bb4d8e-551e-4a07-853b-77b872d98d59}</UniqueIdentifier>
    </Filter>
    <Filter Include="02. GameObject\Entity\Monster\EM0010\Em0010Parts\Body">
      <UniqueIdentifier>{5f1c2560-e6d2-4819-92d1-325a821543a9}</UniqueIdentifier>
    </Filter>
    <Filter Include="02. GameObject\Entity\Monster\ForMonster">
      <UniqueIdentifier>{b88d85c6-e0cd-40ed-b691-62a3074efab8}</UniqueIdentifier>
    </Filter>
    <Filter Include="99. Default">
      <UniqueIdentifier>{20b4df47-31ad-4c3f-b5ee-43f69137b03d}</UniqueIdentifier>
    </Filter>
  </ItemGroup>
  <ItemGroup>
    <FxCompile Include="..\bin\shaders\Shader_VtxTex.hlsl">
      <Filter>97. Shader</Filter>
    </FxCompile>
    <FxCompile Include="..\bin\shaders\Shader_VtxNormTex.hlsl">
      <Filter>97. Shader</Filter>
    </FxCompile>
    <FxCompile Include="..\bin\shaders\Shader_VtxMesh.hlsl">
      <Filter>97. Shader</Filter>
    </FxCompile>
    <FxCompile Include="..\bin\shaders\Shader_VtxAnimMesh.hlsl">
      <Filter>97. Shader</Filter>
    </FxCompile>
    <FxCompile Include="..\bin\shaders\Shader_VtxCube.hlsl">
      <Filter>97. Shader</Filter>
    </FxCompile>
    <FxCompile Include="..\bin\shaders\Shader_VtxSphere.hlsl">
      <Filter>97. Shader</Filter>
    </FxCompile>
    <FxCompile Include="..\bin\shaders\Shader_VtxParticlePoint.hlsl">
      <Filter>97. Shader</Filter>
    </FxCompile>
    <FxCompile Include="..\bin\shaders\Shader_VtxParticleRect.hlsl">
      <Filter>97. Shader</Filter>
    </FxCompile>
  </ItemGroup>
  <ItemGroup>
    <None Include="PostBuildCopy.bat">
      <Filter>99. Default</Filter>
    </None>
    <None Include="ClientRTTRGenerator.py">
      <Filter>99. Default</Filter>
    </None>
    <None Include="GenerateRTTR_Client.bat">
      <Filter>99. Default</Filter>
    </None>
  </ItemGroup>
  <ItemGroup>
    <ResourceCompile Include="Client.rc">
      <Filter>99. Default</Filter>
    </ResourceCompile>
  </ItemGroup>
</Project>