<?xml version="1.0" encoding="utf-8"?>
<Project ToolsVersion="4.0" xmlns="http://schemas.microsoft.com/developer/msbuild/2003">
  <ItemGroup>
    <ClInclude Include="pch.h">
      <Filter>99. Default</Filter>
    </ClInclude>
    <ClInclude Include="Client.h">
      <Filter>99. Default\00. API_File</Filter>
    </ClInclude>
    <ClInclude Include="framework.h">
      <Filter>99. Default\00. API_File</Filter>
    </ClInclude>
    <ClInclude Include="Resource.h">
      <Filter>99. Default\00. API_File</Filter>
    </ClInclude>
    <ClInclude Include="targetver.h">
      <Filter>99. Default\00. API_File</Filter>
    </ClInclude>
    <ClInclude Include="..\public\MainApp.h">
      <Filter>00. MainApp</Filter>
    </ClInclude>
    <ClInclude Include="..\public\Client_Define.h">
      <Filter>98. Headers</Filter>
    </ClInclude>
  </ItemGroup>
  <ItemGroup>
    <ClCompile Include="Client.cpp">
      <Filter>99. Default</Filter>
    </ClCompile>
    <ClCompile Include="pch.cpp">
      <Filter>99. Default\00. API_File</Filter>
    </ClCompile>
    <ClCompile Include="..\private\MainApp.cpp">
      <Filter>00. MainApp</Filter>
    </ClCompile>
  </ItemGroup>
  <ItemGroup>
    <Image Include="Client.ico">
      <Filter>99. Default\00. API_File</Filter>
    </Image>
    <Image Include="small.ico">
      <Filter>99. Default\00. API_File</Filter>
    </Image>
  </ItemGroup>
  <ItemGroup>
    <Filter Include="99. Default">
      <UniqueIdentifier>{20b4df47-31ad-4c3f-b5ee-43f69137b03d}</UniqueIdentifier>
    </Filter>
    <Filter Include="99. Default\00. API_File">
      <UniqueIdentifier>{a80c2ef9-9c94-4519-a73a-f021bc065c5e}</UniqueIdentifier>
    </Filter>
    <Filter Include="00. MainApp">
      <UniqueIdentifier>{f01147ca-57a3-4889-b167-1759cfd39a21}</UniqueIdentifier>
    </Filter>
    <Filter Include="98. Headers">
      <UniqueIdentifier>{e9c11d15-75c2-4be7-9e61-ae543485c521}</UniqueIdentifier>
    </Filter>
  </ItemGroup>
  <ItemGroup>
    <ResourceCompile Include="Client.rc">
      <Filter>99. Default\00. API_File</Filter>
    </ResourceCompile>
  </ItemGroup>
</Project>