<?xml version="1.0" encoding="utf-8"?>
<Project ToolsVersion="4.0" xmlns="http://schemas.microsoft.com/developer/msbuild/2003">
  <ItemGroup>
    <Filter Include="00. ToolFile">
      <UniqueIdentifier>{e0e6a150-c7ad-410b-a75f-bca0d850907c}</UniqueIdentifier>
    </Filter>
    <Filter Include="99. SystemFile">
      <UniqueIdentifier>{9cf0f388-90b4-4390-935c-1882092d519a}</UniqueIdentifier>
    </Filter>
    <Filter Include="98. Headers">
      <UniqueIdentifier>{8d5709a5-0b30-4cbe-91eb-c985fb9af462}</UniqueIdentifier>
    </Filter>
  </ItemGroup>
  <ItemGroup>
    <ClCompile Include="Converter.cpp">
      <Filter>00. ToolFile</Filter>
    </ClCompile>
    <ClCompile Include="ModelConverter.cpp">
      <Filter>99. SystemFile</Filter>
    </ClCompile>
    <ClCompile Include="pch.cpp">
      <Filter>99. SystemFile</Filter>
    </ClCompile>
  </ItemGroup>
  <ItemGroup>
    <ClInclude Include="Converter.h">
      <Filter>00. ToolFile</Filter>
    </ClInclude>
    <ClInclude Include="pch.h">
      <Filter>99. SystemFile</Filter>
    </ClInclude>
    <ClInclude Include="ConverterStructs.h">
      <Filter>98. Headers</Filter>
    </ClInclude>
  </ItemGroup>
</Project>